// !$*UTF8*$!
{
	archiveVersion = 1;
	classes = {
	};
	objectVersion = 77;
	objects = {

/* Begin PBXBuildFile section */
		8725A7142D43E8820027E46D /* FirebaseMessaging in Frameworks */ = {isa = PBXBuildFile; productRef = 8725A7132D43E8820027E46D /* FirebaseMessaging */; };
		8729E2772CF0475100E15DAC /* FirebaseAuth in Frameworks */ = {isa = PBXBuildFile; productRef = 8729E2762CF0475100E15DAC /* FirebaseAuth */; };
		873292002DE41B090078C953 /* WrappingHStack in Frameworks */ = {isa = PBXBuildFile; productRef = 873291FF2DE41B090078C953 /* WrappingHStack */; };
		876B2CB02D0F7321004F87A5 /* FirebaseFirestore in Frameworks */ = {isa = PBXBuildFile; productRef = 876B2CAF2D0F7321004F87A5 /* FirebaseFirestore */; };
		876B2CB22D0F7A3F004F87A5 /* FirebaseStorage in Frameworks */ = {isa = PBXBuildFile; productRef = 876B2CB12D0F7A3F004F87A5 /* FirebaseStorage */; };
		876B2D0C2D11421E004F87A5 /* StreamChatSwiftUI in Frameworks */ = {isa = PBXBuildFile; productRef = 876B2D0B2D11421E004F87A5 /* StreamChatSwiftUI */; };
		87EE9C902E88E1D200031E99 /* StripePaymentSheet in Frameworks */ = {isa = PBXBuildFile; productRef = 87EE9C8F2E88E1D200031E99 /* StripePaymentSheet */; };
		87F3F5922D31F17500758086 /* Kingfisher in Frameworks */ = {isa = PBXBuildFile; productRef = 87F3F5912D31F17500758086 /* Kingfisher */; };
		87F64D162E4D48FB00E0B79D /* FirebaseFunctions in Frameworks */ = {isa = PBXBuildFile; productRef = 87F64D152E4D48FB00E0B79D /* FirebaseFunctions */; };
/* End PBXBuildFile section */

/* Begin PBXContainerItemProxy section */
		8729E1A72CEF021500E15DAC /* PBXContainerItemProxy */ = {
			isa = PBXContainerItemProxy;
			containerPortal = 8729E18A2CEF021400E15DAC /* Project object */;
			proxyType = 1;
			remoteGlobalIDString = 8729E1912CEF021400E15DAC;
			remoteInfo = Vibesy;
		};
		8729E1B12CEF021500E15DAC /* PBXContainerItemProxy */ = {
			isa = PBXContainerItemProxy;
			containerPortal = 8729E18A2CEF021400E15DAC /* Project object */;
			proxyType = 1;
			remoteGlobalIDString = 8729E1912CEF021400E15DAC;
			remoteInfo = Vibesy;
		};
/* End PBXContainerItemProxy section */

/* Begin PBXFileReference section */
		8729E1922CEF021400E15DAC /* Vibesy.app */ = {isa = PBXFileReference; explicitFileType = wrapper.application; includeInIndex = 0; path = Vibesy.app; sourceTree = BUILT_PRODUCTS_DIR; };
		8729E1A62CEF021500E15DAC /* VibesyTests.xctest */ = {isa = PBXFileReference; explicitFileType = wrapper.cfbundle; includeInIndex = 0; path = VibesyTests.xctest; sourceTree = BUILT_PRODUCTS_DIR; };
		8729E1B02CEF021500E15DAC /* VibesyUITests.xctest */ = {isa = PBXFileReference; explicitFileType = wrapper.cfbundle; includeInIndex = 0; path = VibesyUITests.xctest; sourceTree = BUILT_PRODUCTS_DIR; };
/* End PBXFileReference section */

/* Begin PBXFileSystemSynchronizedBuildFileExceptionSet section */
		8729E1B82CEF021500E15DAC /* Exceptions for "Vibesy" folder in "Vibesy" target */ = {
			isa = PBXFileSystemSynchronizedBuildFileExceptionSet;
			membershipExceptions = (
				Info.plist,
			);
			target = 8729E1912CEF021400E15DAC /* Vibesy */;
		};
/* End PBXFileSystemSynchronizedBuildFileExceptionSet section */

/* Begin PBXFileSystemSynchronizedRootGroup section */
		8729E1942CEF021400E15DAC /* Vibesy */ = {
			isa = PBXFileSystemSynchronizedRootGroup;
			exceptions = (
				8729E1B82CEF021500E15DAC /* Exceptions for "Vibesy" folder in "Vibesy" target */,
			);
			path = Vibesy;
			sourceTree = "<group>";
		};
		8729E1A92CEF021500E15DAC /* VibesyTests */ = {
			isa = PBXFileSystemSynchronizedRootGroup;
			path = VibesyTests;
			sourceTree = "<group>";
		};
		8729E1B32CEF021500E15DAC /* VibesyUITests */ = {
			isa = PBXFileSystemSynchronizedRootGroup;
			path = VibesyUITests;
			sourceTree = "<group>";
		};
/* End PBXFileSystemSynchronizedRootGroup section */

/* Begin PBXFrameworksBuildPhase section */
		8729E18F2CEF021400E15DAC /* Frameworks */ = {
			isa = PBXFrameworksBuildPhase;
			buildActionMask = 2147483647;
			files = (
				8725A7142D43E8820027E46D /* FirebaseMessaging in Frameworks */,
				876B2D0C2D11421E004F87A5 /* StreamChatSwiftUI in Frameworks */,
				873292002DE41B090078C953 /* WrappingHStack in Frameworks */,
				87F64D162E4D48FB00E0B79D /* FirebaseFunctions in Frameworks */,
				8729E2772CF0475100E15DAC /* FirebaseAuth in Frameworks */,
				876B2CB02D0F7321004F87A5 /* FirebaseFirestore in Frameworks */,
				876B2CB22D0F7A3F004F87A5 /* FirebaseStorage in Frameworks */,
				87EE9C902E88E1D200031E99 /* StripePaymentSheet in Frameworks */,
				87F3F5922D31F17500758086 /* Kingfisher in Frameworks */,
			);
			runOnlyForDeploymentPostprocessing = 0;
		};
		8729E1A32CEF021500E15DAC /* Frameworks */ = {
			isa = PBXFrameworksBuildPhase;
			buildActionMask = 2147483647;
			files = (
			);
			runOnlyForDeploymentPostprocessing = 0;
		};
		8729E1AD2CEF021500E15DAC /* Frameworks */ = {
			isa = PBXFrameworksBuildPhase;
			buildActionMask = 2147483647;
			files = (
			);
			runOnlyForDeploymentPostprocessing = 0;
		};
/* End PBXFrameworksBuildPhase section */

/* Begin PBXGroup section */
		8729E1892CEF021400E15DAC = {
			isa = PBXGroup;
			children = (
				8729E1942CEF021400E15DAC /* Vibesy */,
				8729E1A92CEF021500E15DAC /* VibesyTests */,
				8729E1B32CEF021500E15DAC /* VibesyUITests */,
				876B2CAE2D0F7321004F87A5 /* Frameworks */,
				8729E1932CEF021400E15DAC /* Products */,
			);
			sourceTree = "<group>";
		};
		8729E1932CEF021400E15DAC /* Products */ = {
			isa = PBXGroup;
			children = (
				8729E1922CEF021400E15DAC /* Vibesy.app */,
				8729E1A62CEF021500E15DAC /* VibesyTests.xctest */,
				8729E1B02CEF021500E15DAC /* VibesyUITests.xctest */,
			);
			name = Products;
			sourceTree = "<group>";
		};
		876B2CAE2D0F7321004F87A5 /* Frameworks */ = {
			isa = PBXGroup;
			children = (
			);
			name = Frameworks;
			sourceTree = "<group>";
		};
/* End PBXGroup section */

/* Begin PBXNativeTarget section */
		8729E1912CEF021400E15DAC /* Vibesy */ = {
			isa = PBXNativeTarget;
			buildConfigurationList = 8729E1B92CEF021500E15DAC /* Build configuration list for PBXNativeTarget "Vibesy" */;
			buildPhases = (
				8729E18E2CEF021400E15DAC /* Sources */,
				8729E18F2CEF021400E15DAC /* Frameworks */,
				8729E1902CEF021400E15DAC /* Resources */,
			);
			buildRules = (
			);
			dependencies = (
			);
			fileSystemSynchronizedGroups = (
				8729E1942CEF021400E15DAC /* Vibesy */,
			);
			name = Vibesy;
			packageProductDependencies = (
				8729E2762CF0475100E15DAC /* FirebaseAuth */,
				876B2CAF2D0F7321004F87A5 /* FirebaseFirestore */,
				876B2CB12D0F7A3F004F87A5 /* FirebaseStorage */,
				876B2D0B2D11421E004F87A5 /* StreamChatSwiftUI */,
				87F3F5912D31F17500758086 /* Kingfisher */,
				8725A7132D43E8820027E46D /* FirebaseMessaging */,
				873291FF2DE41B090078C953 /* WrappingHStack */,
				87F64D152E4D48FB00E0B79D /* FirebaseFunctions */,
				87EE9C8F2E88E1D200031E99 /* StripePaymentSheet */,
			);
			productName = Vibesy;
			productReference = 8729E1922CEF021400E15DAC /* Vibesy.app */;
			productType = "com.apple.product-type.application";
		};
		8729E1A52CEF021500E15DAC /* VibesyTests */ = {
			isa = PBXNativeTarget;
			buildConfigurationList = 8729E1BE2CEF021500E15DAC /* Build configuration list for PBXNativeTarget "VibesyTests" */;
			buildPhases = (
				8729E1A22CEF021500E15DAC /* Sources */,
				8729E1A32CEF021500E15DAC /* Frameworks */,
				8729E1A42CEF021500E15DAC /* Resources */,
			);
			buildRules = (
			);
			dependencies = (
				8729E1A82CEF021500E15DAC /* PBXTargetDependency */,
			);
			fileSystemSynchronizedGroups = (
				8729E1A92CEF021500E15DAC /* VibesyTests */,
			);
			name = VibesyTests;
			packageProductDependencies = (
			);
			productName = VibesyTests;
			productReference = 8729E1A62CEF021500E15DAC /* VibesyTests.xctest */;
			productType = "com.apple.product-type.bundle.unit-test";
		};
		8729E1AF2CEF021500E15DAC /* VibesyUITests */ = {
			isa = PBXNativeTarget;
			buildConfigurationList = 8729E1C12CEF021500E15DAC /* Build configuration list for PBXNativeTarget "VibesyUITests" */;
			buildPhases = (
				8729E1AC2CEF021500E15DAC /* Sources */,
				8729E1AD2CEF021500E15DAC /* Frameworks */,
				8729E1AE2CEF021500E15DAC /* Resources */,
			);
			buildRules = (
			);
			dependencies = (
				8729E1B22CEF021500E15DAC /* PBXTargetDependency */,
			);
			fileSystemSynchronizedGroups = (
				8729E1B32CEF021500E15DAC /* VibesyUITests */,
			);
			name = VibesyUITests;
			packageProductDependencies = (
			);
			productName = VibesyUITests;
			productReference = 8729E1B02CEF021500E15DAC /* VibesyUITests.xctest */;
			productType = "com.apple.product-type.bundle.ui-testing";
		};
/* End PBXNativeTarget section */

/* Begin PBXProject section */
		8729E18A2CEF021400E15DAC /* Project object */ = {
			isa = PBXProject;
			attributes = {
				BuildIndependentTargetsInParallel = 1;
				LastSwiftUpdateCheck = 1600;
				LastUpgradeCheck = 1600;
				TargetAttributes = {
					8729E1912CEF021400E15DAC = {
						CreatedOnToolsVersion = 16.0;
					};
					8729E1A52CEF021500E15DAC = {
						CreatedOnToolsVersion = 16.0;
						TestTargetID = 8729E1912CEF021400E15DAC;
					};
					8729E1AF2CEF021500E15DAC = {
						CreatedOnToolsVersion = 16.0;
						TestTargetID = 8729E1912CEF021400E15DAC;
					};
				};
			};
			buildConfigurationList = 8729E18D2CEF021400E15DAC /* Build configuration list for PBXProject "Vibesy" */;
			developmentRegion = en;
			hasScannedForEncodings = 0;
			knownRegions = (
				en,
				Base,
				de,
				ja,
				es,
				it,
				pl,
				ru,
				fr,
				nl,
				pt,
				zh,
			);
			mainGroup = 8729E1892CEF021400E15DAC;
			minimizedProjectReferenceProxies = 1;
			packageReferences = (
				8729E2752CF0475100E15DAC /* XCRemoteSwiftPackageReference "firebase-ios-sdk" */,
				876B2D072D114084004F87A5 /* XCRemoteSwiftPackageReference "stream-chat-swiftui" */,
				87F3F5902D31F0EC00758086 /* XCRemoteSwiftPackageReference "Kingfisher" */,
				873291FE2DE41B090078C953 /* XCRemoteSwiftPackageReference "WrappingHStack" */,
				87EE9C8E2E88E1D200031E99 /* XCRemoteSwiftPackageReference "stripe-ios" */,
			);
			preferredProjectObjectVersion = 77;
			productRefGroup = 8729E1932CEF021400E15DAC /* Products */;
			projectDirPath = "";
			projectRoot = "";
			targets = (
				8729E1912CEF021400E15DAC /* Vibesy */,
				8729E1A52CEF021500E15DAC /* VibesyTests */,
				8729E1AF2CEF021500E15DAC /* VibesyUITests */,
			);
		};
/* End PBXProject section */

/* Begin PBXResourcesBuildPhase section */
		8729E1902CEF021400E15DAC /* Resources */ = {
			isa = PBXResourcesBuildPhase;
			buildActionMask = 2147483647;
			files = (
			);
			runOnlyForDeploymentPostprocessing = 0;
		};
		8729E1A42CEF021500E15DAC /* Resources */ = {
			isa = PBXResourcesBuildPhase;
			buildActionMask = 2147483647;
			files = (
			);
			runOnlyForDeploymentPostprocessing = 0;
		};
		8729E1AE2CEF021500E15DAC /* Resources */ = {
			isa = PBXResourcesBuildPhase;
			buildActionMask = 2147483647;
			files = (
			);
			runOnlyForDeploymentPostprocessing = 0;
		};
/* End PBXResourcesBuildPhase section */

/* Begin PBXSourcesBuildPhase section */
		8729E18E2CEF021400E15DAC /* Sources */ = {
			isa = PBXSourcesBuildPhase;
			buildActionMask = 2147483647;
			files = (
			);
			runOnlyForDeploymentPostprocessing = 0;
		};
		8729E1A22CEF021500E15DAC /* Sources */ = {
			isa = PBXSourcesBuildPhase;
			buildActionMask = 2147483647;
			files = (
			);
			runOnlyForDeploymentPostprocessing = 0;
		};
		8729E1AC2CEF021500E15DAC /* Sources */ = {
			isa = PBXSourcesBuildPhase;
			buildActionMask = 2147483647;
			files = (
			);
			runOnlyForDeploymentPostprocessing = 0;
		};
/* End PBXSourcesBuildPhase section */

/* Begin PBXTargetDependency section */
		8729E1A82CEF021500E15DAC /* PBXTargetDependency */ = {
			isa = PBXTargetDependency;
			target = 8729E1912CEF021400E15DAC /* Vibesy */;
			targetProxy = 8729E1A72CEF021500E15DAC /* PBXContainerItemProxy */;
		};
		8729E1B22CEF021500E15DAC /* PBXTargetDependency */ = {
			isa = PBXTargetDependency;
			target = 8729E1912CEF021400E15DAC /* Vibesy */;
			targetProxy = 8729E1B12CEF021500E15DAC /* PBXContainerItemProxy */;
		};
/* End PBXTargetDependency section */

/* Begin XCBuildConfiguration section */
		8729E1BA2CEF021500E15DAC /* Debug */ = {
			isa = XCBuildConfiguration;
			buildSettings = {
				ASSETCATALOG_COMPILER_APPICON_NAME = AppIcon;
				ASSETCATALOG_COMPILER_GLOBAL_ACCENT_COLOR_NAME = AccentColor;
				CODE_SIGN_ENTITLEMENTS = Vibesy/Vibesy.entitlements;
				CODE_SIGN_STYLE = Automatic;
				CURRENT_PROJECT_VERSION = 1;
				DEVELOPMENT_ASSET_PATHS = "\"Vibesy/Preview Content\"";
				DEVELOPMENT_TEAM = DY3DGX622R;
				ENABLE_PREVIEWS = YES;
				GENERATE_INFOPLIST_FILE = YES;
				INFOPLIST_FILE = Vibesy/Info.plist;
				INFOPLIST_KEY_LSApplicationCategoryType = "public.app-category.social-networking";
				INFOPLIST_KEY_NSCameraUsageDescription = "Vibesy needs access to the camera to post content";
				INFOPLIST_KEY_NSLocationWhenInUseUsageDescription = "Vibesy uses your location to accurately track events in your area";
				INFOPLIST_KEY_NSMicrophoneUsageDescription = "Vibesy needs access to microphone to record audio";
				INFOPLIST_KEY_NSPhotoLibraryUsageDescription = "Vibesy uses your photo library to let you upload and personalize your profile photos.";
				INFOPLIST_KEY_UIApplicationSceneManifest_Generation = YES;
				INFOPLIST_KEY_UIApplicationSupportsIndirectInputEvents = YES;
				INFOPLIST_KEY_UILaunchScreen_Generation = YES;
				INFOPLIST_KEY_UILaunchStoryboardName = LaunchScreen;
				INFOPLIST_KEY_UISupportedInterfaceOrientations = UIInterfaceOrientationPortrait;
				INFOPLIST_KEY_UISupportedInterfaceOrientations_iPad = "UIInterfaceOrientationLandscapeLeft UIInterfaceOrientationLandscapeRight UIInterfaceOrientationPortrait UIInterfaceOrientationPortraitUpsideDown";
				INFOPLIST_KEY_UIUserInterfaceStyle = Light;
				IPHONEOS_DEPLOYMENT_TARGET = 18.0;
				LD_RUNPATH_SEARCH_PATHS = (
					"$(inherited)",
					"@executable_path/Frameworks",
				);
				MARKETING_VERSION = 1.01;
				PRODUCT_BUNDLE_IDENTIFIER = com.foundavibe.Vibesy;
				PRODUCT_NAME = "$(TARGET_NAME)";
				SUPPORTED_PLATFORMS = "iphoneos iphonesimulator";
				SUPPORTS_MACCATALYST = NO;
				SUPPORTS_MAC_DESIGNED_FOR_IPHONE_IPAD = NO;
				SUPPORTS_XR_DESIGNED_FOR_IPHONE_IPAD = NO;
				SWIFT_EMIT_LOC_STRINGS = YES;
				SWIFT_VERSION = 6.0;
				TARGETED_DEVICE_FAMILY = 1;
			};
			name = Debug;
		};
		8729E1BB2CEF021500E15DAC /* Release */ = {
			isa = XCBuildConfiguration;
			buildSettings = {
				ASSETCATALOG_COMPILER_APPICON_NAME = AppIcon;
				ASSETCATALOG_COMPILER_GLOBAL_ACCENT_COLOR_NAME = AccentColor;
				CODE_SIGN_ENTITLEMENTS = Vibesy/Vibesy.entitlements;
				CODE_SIGN_STYLE = Automatic;
				CURRENT_PROJECT_VERSION = 1;
				DEVELOPMENT_ASSET_PATHS = "\"Vibesy/Preview Content\"";
				DEVELOPMENT_TEAM = DY3DGX622R;
				ENABLE_PREVIEWS = YES;
				GENERATE_INFOPLIST_FILE = YES;
				INFOPLIST_FILE = Vibesy/Info.plist;
				INFOPLIST_KEY_LSApplicationCategoryType = "public.app-category.social-networking";
				INFOPLIST_KEY_NSCameraUsageDescription = "Vibesy needs access to the camera to post content";
				INFOPLIST_KEY_NSLocationWhenInUseUsageDescription = "Vibesy uses your location to accurately track events in your area";
				INFOPLIST_KEY_NSMicrophoneUsageDescription = "Vibesy needs access to microphone to record audio";
				INFOPLIST_KEY_NSPhotoLibraryUsageDescription = "Vibesy uses your photo library to let you upload and personalize your profile photos.";
				INFOPLIST_KEY_UIApplicationSceneManifest_Generation = YES;
				INFOPLIST_KEY_UIApplicationSupportsIndirectInputEvents = YES;
				INFOPLIST_KEY_UILaunchScreen_Generation = YES;
				INFOPLIST_KEY_UILaunchStoryboardName = LaunchScreen;
				INFOPLIST_KEY_UISupportedInterfaceOrientations = UIInterfaceOrientationPortrait;
				INFOPLIST_KEY_UISupportedInterfaceOrientations_iPad = "UIInterfaceOrientationLandscapeLeft UIInterfaceOrientationLandscapeRight UIInterfaceOrientationPortrait UIInterfaceOrientationPortraitUpsideDown";
				INFOPLIST_KEY_UIUserInterfaceStyle = Light;
				IPHONEOS_DEPLOYMENT_TARGET = 18.0;
				LD_RUNPATH_SEARCH_PATHS = (
					"$(inherited)",
					"@executable_path/Frameworks",
				);
				MARKETING_VERSION = 1.01;
				PRODUCT_BUNDLE_IDENTIFIER = com.foundavibe.Vibesy;
				PRODUCT_NAME = "$(TARGET_NAME)";
				SUPPORTED_PLATFORMS = "iphoneos iphonesimulator";
				SUPPORTS_MACCATALYST = NO;
				SUPPORTS_MAC_DESIGNED_FOR_IPHONE_IPAD = NO;
				SUPPORTS_XR_DESIGNED_FOR_IPHONE_IPAD = NO;
				SWIFT_EMIT_LOC_STRINGS = YES;
				SWIFT_VERSION = 6.0;
				TARGETED_DEVICE_FAMILY = 1;
			};
			name = Release;
		};
		8729E1BC2CEF021500E15DAC /* Debug */ = {
			isa = XCBuildConfiguration;
			buildSettings = {
				ALWAYS_SEARCH_USER_PATHS = NO;
				ASSETCATALOG_COMPILER_GENERATE_SWIFT_ASSET_SYMBOL_EXTENSIONS = YES;
				CLANG_ANALYZER_NONNULL = YES;
				CLANG_ANALYZER_NUMBER_OBJECT_CONVERSION = YES_AGGRESSIVE;
				CLANG_CXX_LANGUAGE_STANDARD = "gnu++20";
				CLANG_ENABLE_MODULES = YES;
				CLANG_ENABLE_OBJC_ARC = YES;
				CLANG_ENABLE_OBJC_WEAK = YES;
				CLANG_WARN_BLOCK_CAPTURE_AUTORELEASING = YES;
				CLANG_WARN_BOOL_CONVERSION = YES;
				CLANG_WARN_COMMA = YES;
				CLANG_WARN_CONSTANT_CONVERSION = YES;
				CLANG_WARN_DEPRECATED_OBJC_IMPLEMENTATIONS = YES;
				CLANG_WARN_DIRECT_OBJC_ISA_USAGE = YES_ERROR;
				CLANG_WARN_DOCUMENTATION_COMMENTS = YES;
				CLANG_WARN_EMPTY_BODY = YES;
				CLANG_WARN_ENUM_CONVERSION = YES;
				CLANG_WARN_INFINITE_RECURSION = YES;
				CLANG_WARN_INT_CONVERSION = YES;
				CLANG_WARN_NON_LITERAL_NULL_CONVERSION = YES;
				CLANG_WARN_OBJC_IMPLICIT_RETAIN_SELF = YES;
				CLANG_WARN_OBJC_LITERAL_CONVERSION = YES;
				CLANG_WARN_OBJC_ROOT_CLASS = YES_ERROR;
				CLANG_WARN_QUOTED_INCLUDE_IN_FRAMEWORK_HEADER = YES;
				CLANG_WARN_RANGE_LOOP_ANALYSIS = YES;
				CLANG_WARN_STRICT_PROTOTYPES = YES;
				CLANG_WARN_SUSPICIOUS_MOVE = YES;
				CLANG_WARN_UNGUARDED_AVAILABILITY = YES_AGGRESSIVE;
				CLANG_WARN_UNREACHABLE_CODE = YES;
				CLANG_WARN__DUPLICATE_METHOD_MATCH = YES;
				COPY_PHASE_STRIP = NO;
				DEBUG_INFORMATION_FORMAT = dwarf;
				ENABLE_STRICT_OBJC_MSGSEND = YES;
				ENABLE_TESTABILITY = YES;
				ENABLE_USER_SCRIPT_SANDBOXING = YES;
				GCC_C_LANGUAGE_STANDARD = gnu17;
				GCC_DYNAMIC_NO_PIC = NO;
				GCC_NO_COMMON_BLOCKS = YES;
				GCC_OPTIMIZATION_LEVEL = 0;
				GCC_PREPROCESSOR_DEFINITIONS = (
					"DEBUG=1",
					"$(inherited)",
				);
				GCC_WARN_64_TO_32_BIT_CONVERSION = YES;
				GCC_WARN_ABOUT_RETURN_TYPE = YES_ERROR;
				GCC_WARN_UNDECLARED_SELECTOR = YES;
				GCC_WARN_UNINITIALIZED_AUTOS = YES_AGGRESSIVE;
				GCC_WARN_UNUSED_FUNCTION = YES;
				GCC_WARN_UNUSED_VARIABLE = YES;
				IPHONEOS_DEPLOYMENT_TARGET = 18.0;
				LOCALIZATION_PREFERS_STRING_CATALOGS = YES;
				MTL_ENABLE_DEBUG_INFO = INCLUDE_SOURCE;
				MTL_FAST_MATH = YES;
				ONLY_ACTIVE_ARCH = YES;
				SDKROOT = iphoneos;
				SWIFT_ACTIVE_COMPILATION_CONDITIONS = "DEBUG $(inherited)";
				SWIFT_OPTIMIZATION_LEVEL = "-Onone";
			};
			name = Debug;
		};
		8729E1BD2CEF021500E15DAC /* Release */ = {
			isa = XCBuildConfiguration;
			buildSettings = {
				ALWAYS_SEARCH_USER_PATHS = NO;
				ASSETCATALOG_COMPILER_GENERATE_SWIFT_ASSET_SYMBOL_EXTENSIONS = YES;
				CLANG_ANALYZER_NONNULL = YES;
				CLANG_ANALYZER_NUMBER_OBJECT_CONVERSION = YES_AGGRESSIVE;
				CLANG_CXX_LANGUAGE_STANDARD = "gnu++20";
				CLANG_ENABLE_MODULES = YES;
				CLANG_ENABLE_OBJC_ARC = YES;
				CLANG_ENABLE_OBJC_WEAK = YES;
				CLANG_WARN_BLOCK_CAPTURE_AUTORELEASING = YES;
				CLANG_WARN_BOOL_CONVERSION = YES;
				CLANG_WARN_COMMA = YES;
				CLANG_WARN_CONSTANT_CONVERSION = YES;
				CLANG_WARN_DEPRECATED_OBJC_IMPLEMENTATIONS = YES;
				CLANG_WARN_DIRECT_OBJC_ISA_USAGE = YES_ERROR;
				CLANG_WARN_DOCUMENTATION_COMMENTS = YES;
				CLANG_WARN_EMPTY_BODY = YES;
				CLANG_WARN_ENUM_CONVERSION = YES;
				CLANG_WARN_INFINITE_RECURSION = YES;
				CLANG_WARN_INT_CONVERSION = YES;
				CLANG_WARN_NON_LITERAL_NULL_CONVERSION = YES;
				CLANG_WARN_OBJC_IMPLICIT_RETAIN_SELF = YES;
				CLANG_WARN_OBJC_LITERAL_CONVERSION = YES;
				CLANG_WARN_OBJC_ROOT_CLASS = YES_ERROR;
				CLANG_WARN_QUOTED_INCLUDE_IN_FRAMEWORK_HEADER = YES;
				CLANG_WARN_RANGE_LOOP_ANALYSIS = YES;
				CLANG_WARN_STRICT_PROTOTYPES = YES;
				CLANG_WARN_SUSPICIOUS_MOVE = YES;
				CLANG_WARN_UNGUARDED_AVAILABILITY = YES_AGGRESSIVE;
				CLANG_WARN_UNREACHABLE_CODE = YES;
				CLANG_WARN__DUPLICATE_METHOD_MATCH = YES;
				COPY_PHASE_STRIP = NO;
				DEBUG_INFORMATION_FORMAT = "dwarf-with-dsym";
				ENABLE_NS_ASSERTIONS = NO;
				ENABLE_STRICT_OBJC_MSGSEND = YES;
				ENABLE_USER_SCRIPT_SANDBOXING = YES;
				GCC_C_LANGUAGE_STANDARD = gnu17;
				GCC_NO_COMMON_BLOCKS = YES;
				GCC_WARN_64_TO_32_BIT_CONVERSION = YES;
				GCC_WARN_ABOUT_RETURN_TYPE = YES_ERROR;
				GCC_WARN_UNDECLARED_SELECTOR = YES;
				GCC_WARN_UNINITIALIZED_AUTOS = YES_AGGRESSIVE;
				GCC_WARN_UNUSED_FUNCTION = YES;
				GCC_WARN_UNUSED_VARIABLE = YES;
				IPHONEOS_DEPLOYMENT_TARGET = 18.0;
				LOCALIZATION_PREFERS_STRING_CATALOGS = YES;
				MTL_ENABLE_DEBUG_INFO = NO;
				MTL_FAST_MATH = YES;
				SDKROOT = iphoneos;
				SWIFT_COMPILATION_MODE = wholemodule;
				VALIDATE_PRODUCT = YES;
			};
			name = Release;
		};
		8729E1BF2CEF021500E15DAC /* Debug */ = {
			isa = XCBuildConfiguration;
			buildSettings = {
				BUNDLE_LOADER = "$(TEST_HOST)";
				CODE_SIGN_STYLE = Automatic;
				CURRENT_PROJECT_VERSION = 1;
				DEVELOPMENT_TEAM = X8Q46BZ7TY;
				GENERATE_INFOPLIST_FILE = YES;
				IPHONEOS_DEPLOYMENT_TARGET = 18.0;
				MARKETING_VERSION = 1.0;
				PRODUCT_BUNDLE_IDENTIFIER = com.foundavibe.VibesyTests;
				PRODUCT_NAME = "$(TARGET_NAME)";
				SWIFT_EMIT_LOC_STRINGS = NO;
				SWIFT_VERSION = 5.0;
				TARGETED_DEVICE_FAMILY = "1,2";
				TEST_HOST = "$(BUILT_PRODUCTS_DIR)/Vibesy.app/$(BUNDLE_EXECUTABLE_FOLDER_PATH)/Vibesy";
			};
			name = Debug;
		};
		8729E1C02CEF021500E15DAC /* Release */ = {
			isa = XCBuildConfiguration;
			buildSettings = {
				BUNDLE_LOADER = "$(TEST_HOST)";
				CODE_SIGN_STYLE = Automatic;
				CURRENT_PROJECT_VERSION = 1;
				DEVELOPMENT_TEAM = X8Q46BZ7TY;
				GENERATE_INFOPLIST_FILE = YES;
				IPHONEOS_DEPLOYMENT_TARGET = 18.0;
				MARKETING_VERSION = 1.0;
				PRODUCT_BUNDLE_IDENTIFIER = com.foundavibe.VibesyTests;
				PRODUCT_NAME = "$(TARGET_NAME)";
				SWIFT_EMIT_LOC_STRINGS = NO;
				SWIFT_VERSION = 5.0;
				TARGETED_DEVICE_FAMILY = "1,2";
				TEST_HOST = "$(BUILT_PRODUCTS_DIR)/Vibesy.app/$(BUNDLE_EXECUTABLE_FOLDER_PATH)/Vibesy";
			};
			name = Release;
		};
		8729E1C22CEF021500E15DAC /* Debug */ = {
			isa = XCBuildConfiguration;
			buildSettings = {
				CODE_SIGN_STYLE = Automatic;
				CURRENT_PROJECT_VERSION = 1;
				DEVELOPMENT_TEAM = X8Q46BZ7TY;
				GENERATE_INFOPLIST_FILE = YES;
				MARKETING_VERSION = 1.0;
				PRODUCT_BUNDLE_IDENTIFIER = com.foundavibe.VibesyUITests;
				PRODUCT_NAME = "$(TARGET_NAME)";
				SWIFT_EMIT_LOC_STRINGS = NO;
				SWIFT_VERSION = 5.0;
				TARGETED_DEVICE_FAMILY = "1,2";
				TEST_TARGET_NAME = Vibesy;
			};
			name = Debug;
		};
		8729E1C32CEF021500E15DAC /* Release */ = {
			isa = XCBuildConfiguration;
			buildSettings = {
				CODE_SIGN_STYLE = Automatic;
				CURRENT_PROJECT_VERSION = 1;
				DEVELOPMENT_TEAM = X8Q46BZ7TY;
				GENERATE_INFOPLIST_FILE = YES;
				MARKETING_VERSION = 1.0;
				PRODUCT_BUNDLE_IDENTIFIER = com.foundavibe.VibesyUITests;
				PRODUCT_NAME = "$(TARGET_NAME)";
				SWIFT_EMIT_LOC_STRINGS = NO;
				SWIFT_VERSION = 5.0;
				TARGETED_DEVICE_FAMILY = "1,2";
				TEST_TARGET_NAME = Vibesy;
			};
			name = Release;
		};
/* End XCBuildConfiguration section */

/* Begin XCConfigurationList section */
		8729E18D2CEF021400E15DAC /* Build configuration list for PBXProject "Vibesy" */ = {
			isa = XCConfigurationList;
			buildConfigurations = (
				8729E1BC2CEF021500E15DAC /* Debug */,
				8729E1BD2CEF021500E15DAC /* Release */,
			);
			defaultConfigurationIsVisible = 0;
			defaultConfigurationName = Release;
		};
		8729E1B92CEF021500E15DAC /* Build configuration list for PBXNativeTarget "Vibesy" */ = {
			isa = XCConfigurationList;
			buildConfigurations = (
				8729E1BA2CEF021500E15DAC /* Debug */,
				8729E1BB2CEF021500E15DAC /* Release */,
			);
			defaultConfigurationIsVisible = 0;
			defaultConfigurationName = Release;
		};
		8729E1BE2CEF021500E15DAC /* Build configuration list for PBXNativeTarget "VibesyTests" */ = {
			isa = XCConfigurationList;
			buildConfigurations = (
				8729E1BF2CEF021500E15DAC /* Debug */,
				8729E1C02CEF021500E15DAC /* Release */,
			);
			defaultConfigurationIsVisible = 0;
			defaultConfigurationName = Release;
		};
		8729E1C12CEF021500E15DAC /* Build configuration list for PBXNativeTarget "VibesyUITests" */ = {
			isa = XCConfigurationList;
			buildConfigurations = (
				8729E1C22CEF021500E15DAC /* Debug */,
				8729E1C32CEF021500E15DAC /* Release */,
			);
			defaultConfigurationIsVisible = 0;
			defaultConfigurationName = Release;
		};
/* End XCConfigurationList section */

/* Begin XCRemoteSwiftPackageReference section */
		8729E2752CF0475100E15DAC /* XCRemoteSwiftPackageReference "firebase-ios-sdk" */ = {
			isa = XCRemoteSwiftPackageReference;
			repositoryURL = "https://github.com/firebase/firebase-ios-sdk.git";
			requirement = {
				kind = upToNextMajorVersion;
				minimumVersion = 11.5.0;
			};
		};
		873291FE2DE41B090078C953 /* XCRemoteSwiftPackageReference "WrappingHStack" */ = {
			isa = XCRemoteSwiftPackageReference;
			repositoryURL = "https://github.com/dkk/WrappingHStack";
			requirement = {
				kind = upToNextMajorVersion;
				minimumVersion = 2.2.11;
			};
		};
		876B2D072D114084004F87A5 /* XCRemoteSwiftPackageReference "stream-chat-swiftui" */ = {
			isa = XCRemoteSwiftPackageReference;
			repositoryURL = "https://github.com/getstream/stream-chat-swiftui";
			requirement = {
				kind = upToNextMajorVersion;
				minimumVersion = 4.68.0;
			};
		};
		87EE9C8E2E88E1D200031E99 /* XCRemoteSwiftPackageReference "stripe-ios" */ = {
			isa = XCRemoteSwiftPackageReference;
			repositoryURL = "https://github.com/stripe/stripe-ios";
			requirement = {
				kind = upToNextMajorVersion;
				minimumVersion = 24.24.0;
			};
		};
		87F3F5902D31F0EC00758086 /* XCRemoteSwiftPackageReference "Kingfisher" */ = {
			isa = XCRemoteSwiftPackageReference;
			repositoryURL = "https://github.com/onevcat/Kingfisher";
			requirement = {
				kind = upToNextMajorVersion;
				minimumVersion = 8.1.3;
			};
		};
/* End XCRemoteSwiftPackageReference section */

/* Begin XCSwiftPackageProductDependency section */
		8725A7132D43E8820027E46D /* FirebaseMessaging */ = {
			isa = XCSwiftPackageProductDependency;
			package = 8729E2752CF0475100E15DAC /* XCRemoteSwiftPackageReference "firebase-ios-sdk" */;
			productName = FirebaseMessaging;
		};
		8729E2762CF0475100E15DAC /* FirebaseAuth */ = {
			isa = XCSwiftPackageProductDependency;
			package = 8729E2752CF0475100E15DAC /* XCRemoteSwiftPackageReference "firebase-ios-sdk" */;
			productName = FirebaseAuth;
		};
		873291FF2DE41B090078C953 /* WrappingHStack */ = {
			isa = XCSwiftPackageProductDependency;
			package = 873291FE2DE41B090078C953 /* XCRemoteSwiftPackageReference "WrappingHStack" */;
			productName = WrappingHStack;
		};
		876B2CAF2D0F7321004F87A5 /* FirebaseFirestore */ = {
			isa = XCSwiftPackageProductDependency;
			package = 8729E2752CF0475100E15DAC /* XCRemoteSwiftPackageReference "firebase-ios-sdk" */;
			productName = FirebaseFirestore;
		};
		876B2CB12D0F7A3F004F87A5 /* FirebaseStorage */ = {
			isa = XCSwiftPackageProductDependency;
			package = 8729E2752CF0475100E15DAC /* XCRemoteSwiftPackageReference "firebase-ios-sdk" */;
			productName = FirebaseStorage;
		};
		876B2D0B2D11421E004F87A5 /* StreamChatSwiftUI */ = {
			isa = XCSwiftPackageProductDependency;
			package = 876B2D072D114084004F87A5 /* XCRemoteSwiftPackageReference "stream-chat-swiftui" */;
			productName = StreamChatSwiftUI;
		};
		87EE9C8F2E88E1D200031E99 /* StripePaymentSheet */ = {
			isa = XCSwiftPackageProductDependency;
			package = 87EE9C8E2E88E1D200031E99 /* XCRemoteSwiftPackageReference "stripe-ios" */;
			productName = StripePaymentSheet;
		};
		87F3F5912D31F17500758086 /* Kingfisher */ = {
			isa = XCSwiftPackageProductDependency;
			package = 87F3F5902D31F0EC00758086 /* XCRemoteSwiftPackageReference "Kingfisher" */;
			productName = Kingfisher;
		};
		87F64D152E4D48FB00E0B79D /* FirebaseFunctions */ = {
			isa = XCSwiftPackageProductDependency;
			package = 8729E2752CF0475100E15DAC /* XCRemoteSwiftPackageReference "firebase-ios-sdk" */;
			productName = FirebaseFunctions;
		};
/* End XCSwiftPackageProductDependency section */
	};
	rootObject = 8729E18A2CEF021400E15DAC /* Project object */;
}
